
Microsoft Visual Studio Solution File, Format Version 12.00
# Visual Studio Version 16
VisualStudioVersion = 16.0.30717.126
MinimumVisualStudioVersion = 10.0.40219.1
Project("{9A19103F-16F7-4668-BE54-9A1E7A4F7556}") = "FlowTests", "FlowTests.csproj", "{C004FC50-3D52-4519-8FE7-F5B16D668BDD}"
EndProject
Project("{9A19103F-16F7-4668-BE54-9A1E7A4F7556}") = "Flow", "..\Flow\Flow.csproj", "{9C37490F-FC57-4978-BFC0-567D2F3E842A}"
EndProject
Project("{FAE04EC0-301F-11D3-BF4B-00C04F79EFBC}") = "FlowConsoleTests", "..\FlowConsoleTests\FlowConsoleTests.csproj", "{68458854-C1E8-4D05-A381-5CB8F8E12E3D}"
EndProject
Global
	GlobalSection(SolutionConfigurationPlatforms) = preSolution
		Debug|Any CPU = Debug|Any CPU
		Release|Any CPU = Release|Any CPU
	EndGlobalSection
	GlobalSection(ProjectConfigurationPlatforms) = postSolution
		{C004FC50-3D52-4519-8FE7-F5B16D668BDD}.Debug|Any CPU.ActiveCfg = Debug|Any CPU
		{C004FC50-3D52-4519-8FE7-F5B16D668BDD}.Debug|Any CPU.Build.0 = Debug|Any CPU
		{C004FC50-3D52-4519-8FE7-F5B16D668BDD}.Release|Any CPU.ActiveCfg = Release|Any CPU
		{C004FC50-3D52-4519-8FE7-F5B16D668BDD}.Release|Any CPU.Build.0 = Release|Any CPU
		{9C37490F-FC57-4978-BFC0-567D2F3E842A}.Debug|Any CPU.ActiveCfg = Debug|Any CPU
		{9C37490F-FC57-4978-BFC0-567D2F3E842A}.Debug|Any CPU.Build.0 = Debug|Any CPU
		{9C37490F-FC57-4978-BFC0-567D2F3E842A}.Release|Any CPU.ActiveCfg = Release|Any CPU
		{9C37490F-FC57-4978-BFC0-567D2F3E842A}.Release|Any CPU.Build.0 = Release|Any CPU
		{68458854-C1E8-4D05-A381-5CB8F8E12E3D}.Debug|Any CPU.ActiveCfg = Debug|Any CPU
		{68458854-C1E8-4D05-A381-5CB8F8E12E3D}.Debug|Any CPU.Build.0 = Debug|Any CPU
		{68458854-C1E8-4D05-A381-5CB8F8E12E3D}.Release|Any CPU.ActiveCfg = Release|Any CPU
		{68458854-C1E8-4D05-A381-5CB8F8E12E3D}.Release|Any CPU.Build.0 = Release|Any CPU
	EndGlobalSection
	GlobalSection(SolutionProperties) = preSolution
		HideSolutionNode = FALSE
	EndGlobalSection
	GlobalSection(ExtensibilityGlobals) = postSolution
		SolutionGuid = {D1E8FBC7-BA97-491B-A60C-28AC82549B40}
	EndGlobalSection
EndGlobal
